
Microsoft Visual Studio Solution File, Format Version 12.00
# Visual Studio Version 17
VisualStudioVersion = 17.14.36930.0 d17.14
MinimumVisualStudioVersion = 10.0.40219.1
Project("{FAE04EC0-301F-11D3-BF4B-00C04F79EFBC}") = "EPMBLogger.Functions", "EPMBLogger.Functions\EPMBLogger.Functions.csproj", "{C678927F-1563-4B7C-B88C-44DCCECFD783}"
EndProject
Global
	GlobalSection(SolutionConfigurationPlatforms) = preSolution
		Debug|Any CPU = Debug|Any CPU
		Release|Any CPU = Release|Any CPU
	EndGlobalSection
	GlobalSection(ProjectConfigurationPlatforms) = postSolution
		{C678927F-1563-4B7C-B88C-44DCCECFD783}.Debug|Any CPU.ActiveCfg = Debug|Any CPU
		{C678927F-1563-4B7C-B88C-44DCCECFD783}.Debug|Any CPU.Build.0 = Debug|Any CPU
		{C678927F-1563-4B7C-B88C-44DCCECFD783}.Release|Any CPU.ActiveCfg = Release|Any CPU
		{C678927F-1563-4B7C-B88C-44DCCECFD783}.Release|Any CPU.Build.0 = Release|Any CPU
	EndGlobalSection
	GlobalSection(SolutionProperties) = preSolution
		HideSolutionNode = FALSE
	EndGlobalSection
	GlobalSection(ExtensibilityGlobals) = postSolution
		SolutionGuid = {F5527732-E5D7-4521-972D-CEEDAD9E6D3C}
	EndGlobalSection
EndGlobal
